// !$*UTF8*$!
{
	archiveVersion = 1;
	classes = {
	};
	objectVersion = 46;
	objects = {

/* Begin PBXBuildFile section */
		093951801C794E1200F5315B /* AppDelegate.swift in Sources */ = {isa = PBXBuildFile; fileRef = 0939517F1C794E1200F5315B /* AppDelegate.swift */; };
		093951851C794E1200F5315B /* Main.storyboard in Resources */ = {isa = PBXBuildFile; fileRef = 093951831C794E1200F5315B /* Main.storyboard */; };
		093951871C794E1200F5315B /* Assets.xcassets in Resources */ = {isa = PBXBuildFile; fileRef = 093951861C794E1200F5315B /* Assets.xcassets */; };
		0939518A1C794E1200F5315B /* LaunchScreen.storyboard in Resources */ = {isa = PBXBuildFile; fileRef = 093951881C794E1200F5315B /* LaunchScreen.storyboard */; };
		093951921C794F2B00F5315B /* LoginViewController.swift in Sources */ = {isa = PBXBuildFile; fileRef = 093951911C794F2B00F5315B /* LoginViewController.swift */; };
		093951961C79722E00F5315B /* Tweet.swift in Sources */ = {isa = PBXBuildFile; fileRef = 093951951C79722E00F5315B /* Tweet.swift */; };
		093951981C79724800F5315B /* User.swift in Sources */ = {isa = PBXBuildFile; fileRef = 093951971C79724800F5315B /* User.swift */; };
		0939519B1C799C2C00F5315B /* TwitterClient.swift in Sources */ = {isa = PBXBuildFile; fileRef = 0939519A1C799C2C00F5315B /* TwitterClient.swift */; };
		0939519D1C79B4F300F5315B /* TweetsViewController.swift in Sources */ = {isa = PBXBuildFile; fileRef = 0939519C1C79B4F300F5315B /* TweetsViewController.swift */; };
		BD75686DA71AC41F6C7EC689 /* Pods_twitterApp.framework in Frameworks */ = {isa = PBXBuildFile; fileRef = 8936AFA3B200C416AB8478FD /* Pods_twitterApp.framework */; };
/* End PBXBuildFile section */

/* Begin PBXFileReference section */
		0939517C1C794E1200F5315B /* twitterApp.app */ = {isa = PBXFileReference; explicitFileType = wrapper.application; includeInIndex = 0; path = twitterApp.app; sourceTree = BUILT_PRODUCTS_DIR; };
		0939517F1C794E1200F5315B /* AppDelegate.swift */ = {isa = PBXFileReference; lastKnownFileType = sourcecode.swift; path = AppDelegate.swift; sourceTree = "<group>"; };
		093951841C794E1200F5315B /* Base */ = {isa = PBXFileReference; lastKnownFileType = file.storyboard; name = Base; path = Base.lproj/Main.storyboard; sourceTree = "<group>"; };
		093951861C794E1200F5315B /* Assets.xcassets */ = {isa = PBXFileReference; lastKnownFileType = folder.assetcatalog; path = Assets.xcassets; sourceTree = "<group>"; };
		093951891C794E1200F5315B /* Base */ = {isa = PBXFileReference; lastKnownFileType = file.storyboard; name = Base; path = Base.lproj/LaunchScreen.storyboard; sourceTree = "<group>"; };
		0939518B1C794E1200F5315B /* Info.plist */ = {isa = PBXFileReference; lastKnownFileType = text.plist.xml; path = Info.plist; sourceTree = "<group>"; };
		093951911C794F2B00F5315B /* LoginViewController.swift */ = {isa = PBXFileReference; fileEncoding = 4; lastKnownFileType = sourcecode.swift; path = LoginViewController.swift; sourceTree = "<group>"; };
		093951951C79722E00F5315B /* Tweet.swift */ = {isa = PBXFileReference; fileEncoding = 4; lastKnownFileType = sourcecode.swift; path = Tweet.swift; sourceTree = "<group>"; };
		093951971C79724800F5315B /* User.swift */ = {isa = PBXFileReference; fileEncoding = 4; lastKnownFileType = sourcecode.swift; path = User.swift; sourceTree = "<group>"; };
		0939519A1C799C2C00F5315B /* TwitterClient.swift */ = {isa = PBXFileReference; fileEncoding = 4; lastKnownFileType = sourcecode.swift; path = TwitterClient.swift; sourceTree = "<group>"; };
		0939519C1C79B4F300F5315B /* TweetsViewController.swift */ = {isa = PBXFileReference; fileEncoding = 4; lastKnownFileType = sourcecode.swift; path = TweetsViewController.swift; sourceTree = "<group>"; };
		4E250FE2C2F82D83EA2A9BE7 /* Pods-twitterApp.debug.xcconfig */ = {isa = PBXFileReference; includeInIndex = 1; lastKnownFileType = text.xcconfig; name = "Pods-twitterApp.debug.xcconfig"; path = "Pods/Target Support Files/Pods-twitterApp/Pods-twitterApp.debug.xcconfig"; sourceTree = "<group>"; };
		8936AFA3B200C416AB8478FD /* Pods_twitterApp.framework */ = {isa = PBXFileReference; explicitFileType = wrapper.framework; includeInIndex = 0; path = Pods_twitterApp.framework; sourceTree = BUILT_PRODUCTS_DIR; };
		A40A56C87E8E4E910DA9374E /* Pods-twitterApp.release.xcconfig */ = {isa = PBXFileReference; includeInIndex = 1; lastKnownFileType = text.xcconfig; name = "Pods-twitterApp.release.xcconfig"; path = "Pods/Target Support Files/Pods-twitterApp/Pods-twitterApp.release.xcconfig"; sourceTree = "<group>"; };
/* End PBXFileReference section */

/* Begin PBXFrameworksBuildPhase section */
		093951791C794E1200F5315B /* Frameworks */ = {
			isa = PBXFrameworksBuildPhase;
			buildActionMask = 2147483647;
			files = (
				BD75686DA71AC41F6C7EC689 /* Pods_twitterApp.framework in Frameworks */,
			);
			runOnlyForDeploymentPostprocessing = 0;
		};
/* End PBXFrameworksBuildPhase section */

/* Begin PBXGroup section */
		093951731C794E1200F5315B = {
			isa = PBXGroup;
			children = (
				0939517E1C794E1200F5315B /* twitterApp */,
				0939517D1C794E1200F5315B /* Products */,
				D24A0111BF8751F517F6F2C5 /* Pods */,
				D3026A0280401AFE7BA1683C /* Frameworks */,
			);
			sourceTree = "<group>";
		};
		0939517D1C794E1200F5315B /* Products */ = {
			isa = PBXGroup;
			children = (
				0939517C1C794E1200F5315B /* twitterApp.app */,
			);
			name = Products;
			sourceTree = "<group>";
		};
		0939517E1C794E1200F5315B /* twitterApp */ = {
			isa = PBXGroup;
			children = (
				093951991C799BF400F5315B /* API */,
				093951941C7971C900F5315B /* ViewControllers */,
				093951931C7971BE00F5315B /* Models */,
				0939517F1C794E1200F5315B /* AppDelegate.swift */,
				093951831C794E1200F5315B /* Main.storyboard */,
				093951861C794E1200F5315B /* Assets.xcassets */,
				093951881C794E1200F5315B /* LaunchScreen.storyboard */,
				0939518B1C794E1200F5315B /* Info.plist */,
			);
			path = twitterApp;
			sourceTree = "<group>";
		};
		093951931C7971BE00F5315B /* Models */ = {
			isa = PBXGroup;
			children = (
				093951951C79722E00F5315B /* Tweet.swift */,
				093951971C79724800F5315B /* User.swift */,
			);
			name = Models;
			sourceTree = "<group>";
		};
		093951941C7971C900F5315B /* ViewControllers */ = {
			isa = PBXGroup;
			children = (
				093951911C794F2B00F5315B /* LoginViewController.swift */,
				0939519C1C79B4F300F5315B /* TweetsViewController.swift */,
			);
			name = ViewControllers;
			sourceTree = "<group>";
		};
		093951991C799BF400F5315B /* API */ = {
			isa = PBXGroup;
			children = (
				0939519A1C799C2C00F5315B /* TwitterClient.swift */,
			);
			name = API;
			sourceTree = "<group>";
		};
		D24A0111BF8751F517F6F2C5 /* Pods */ = {
			isa = PBXGroup;
			children = (
				4E250FE2C2F82D83EA2A9BE7 /* Pods-twitterApp.debug.xcconfig */,
				A40A56C87E8E4E910DA9374E /* Pods-twitterApp.release.xcconfig */,
			);
			name = Pods;
			sourceTree = "<group>";
		};
		D3026A0280401AFE7BA1683C /* Frameworks */ = {
			isa = PBXGroup;
			children = (
				8936AFA3B200C416AB8478FD /* Pods_twitterApp.framework */,
			);
			name = Frameworks;
			sourceTree = "<group>";
		};
/* End PBXGroup section */

/* Begin PBXNativeTarget section */
		0939517B1C794E1200F5315B /* twitterApp */ = {
			isa = PBXNativeTarget;
			buildConfigurationList = 0939518E1C794E1200F5315B /* Build configuration list for PBXNativeTarget "twitterApp" */;
			buildPhases = (
				4FB3F7E819C129CC1C7CBDA0 /* Check Pods Manifest.lock */,
				093951781C794E1200F5315B /* Sources */,
				093951791C794E1200F5315B /* Frameworks */,
				0939517A1C794E1200F5315B /* Resources */,
				E40C609619466BCB9BFDB55A /* Embed Pods Frameworks */,
				CEABC30DC1C9E72F8D17F12D /* Copy Pods Resources */,
			);
			buildRules = (
			);
			dependencies = (
			);
			name = twitterApp;
			productName = twitterApp;
			productReference = 0939517C1C794E1200F5315B /* twitterApp.app */;
			productType = "com.apple.product-type.application";
		};
/* End PBXNativeTarget section */

/* Begin PBXProject section */
		093951741C794E1200F5315B /* Project object */ = {
			isa = PBXProject;
			attributes = {
				LastSwiftUpdateCheck = 0720;
				LastUpgradeCheck = 0720;
				ORGANIZATIONNAME = "Gary Chen";
				TargetAttributes = {
					0939517B1C794E1200F5315B = {
						CreatedOnToolsVersion = 7.2.1;
					};
				};
			};
			buildConfigurationList = 093951771C794E1200F5315B /* Build configuration list for PBXProject "twitterApp" */;
			compatibilityVersion = "Xcode 3.2";
			developmentRegion = English;
			hasScannedForEncodings = 0;
			knownRegions = (
				en,
				Base,
			);
			mainGroup = 093951731C794E1200F5315B;
			productRefGroup = 0939517D1C794E1200F5315B /* Products */;
			projectDirPath = "";
			projectRoot = "";
			targets = (
				0939517B1C794E1200F5315B /* twitterApp */,
			);
		};
/* End PBXProject section */

/* Begin PBXResourcesBuildPhase section */
		0939517A1C794E1200F5315B /* Resources */ = {
			isa = PBXResourcesBuildPhase;
			buildActionMask = 2147483647;
			files = (
				0939518A1C794E1200F5315B /* LaunchScreen.storyboard in Resources */,
				093951871C794E1200F5315B /* Assets.xcassets in Resources */,
				093951851C794E1200F5315B /* Main.storyboard in Resources */,
			);
			runOnlyForDeploymentPostprocessing = 0;
		};
/* End PBXResourcesBuildPhase section */

/* Begin PBXShellScriptBuildPhase section */
		4FB3F7E819C129CC1C7CBDA0 /* Check Pods Manifest.lock */ = {
			isa = PBXShellScriptBuildPhase;
			buildActionMask = 2147483647;
			files = (
			);
			inputPaths = (
			);
			name = "Check Pods Manifest.lock";
			outputPaths = (
			);
			runOnlyForDeploymentPostprocessing = 0;
			shellPath = /bin/sh;
			shellScript = "diff \"${PODS_ROOT}/../Podfile.lock\" \"${PODS_ROOT}/Manifest.lock\" > /dev/null\nif [[ $? != 0 ]] ; then\n    cat << EOM\nerror: The sandbox is not in sync with the Podfile.lock. Run 'pod install' or update your CocoaPods installation.\nEOM\n    exit 1\nfi\n";
			showEnvVarsInLog = 0;
		};
		CEABC30DC1C9E72F8D17F12D /* Copy Pods Resources */ = {
			isa = PBXShellScriptBuildPhase;
			buildActionMask = 2147483647;
			files = (
			);
			inputPaths = (
			);
			name = "Copy Pods Resources";
			outputPaths = (
			);
			runOnlyForDeploymentPostprocessing = 0;
			shellPath = /bin/sh;
			shellScript = "\"${SRCROOT}/Pods/Target Support Files/Pods-twitterApp/Pods-twitterApp-resources.sh\"\n";
			showEnvVarsInLog = 0;
		};
		E40C609619466BCB9BFDB55A /* Embed Pods Frameworks */ = {
			isa = PBXShellScriptBuildPhase;
			buildActionMask = 2147483647;
			files = (
			);
			inputPaths = (
			);
			name = "Embed Pods Frameworks";
			outputPaths = (
			);
			runOnlyForDeploymentPostprocessing = 0;
			shellPath = /bin/sh;
			shellScript = "\"${SRCROOT}/Pods/Target Support Files/Pods-twitterApp/Pods-twitterApp-frameworks.sh\"\n";
			showEnvVarsInLog = 0;
		};
/* End PBXShellScriptBuildPhase section */

/* Begin PBXSourcesBuildPhase section */
		093951781C794E1200F5315B /* Sources */ = {
			isa = PBXSourcesBuildPhase;
			buildActionMask = 2147483647;
			files = (
				093951921C794F2B00F5315B /* LoginViewController.swift in Sources */,
				093951801C794E1200F5315B /* AppDelegate.swift in Sources */,
				093951981C79724800F5315B /* User.swift in Sources */,
				0939519D1C79B4F300F5315B /* TweetsViewController.swift in Sources */,
				0939519B1C799C2C00F5315B /* TwitterClient.swift in Sources */,
				093951961C79722E00F5315B /* Tweet.swift in Sources */,
			);
			runOnlyForDeploymentPostprocessing = 0;
		};
/* End PBXSourcesBuildPhase section */

/* Begin PBXVariantGroup section */
		093951831C794E1200F5315B /* Main.storyboard */ = {
			isa = PBXVariantGroup;
			children = (
				093951841C794E1200F5315B /* Base */,
			);
			name = Main.storyboard;
			sourceTree = "<group>";
		};
		093951881C794E1200F5315B /* LaunchScreen.storyboard */ = {
			isa = PBXVariantGroup;
			children = (
				093951891C794E1200F5315B /* Base */,
			);
			name = LaunchScreen.storyboard;
			sourceTree = "<group>";
		};
/* End PBXVariantGroup section */

/* Begin XCBuildConfiguration section */
		0939518C1C794E1200F5315B /* Debug */ = {
			isa = XCBuildConfiguration;
			buildSettings = {
				ALWAYS_SEARCH_USER_PATHS = NO;
				CLANG_CXX_LANGUAGE_STANDARD = "gnu++0x";
				CLANG_CXX_LIBRARY = "libc++";
				CLANG_ENABLE_MODULES = YES;
				CLANG_ENABLE_OBJC_ARC = YES;
				CLANG_WARN_BOOL_CONVERSION = YES;
				CLANG_WARN_CONSTANT_CONVERSION = YES;
				CLANG_WARN_DIRECT_OBJC_ISA_USAGE = YES_ERROR;
				CLANG_WARN_EMPTY_BODY = YES;
				CLANG_WARN_ENUM_CONVERSION = YES;
				CLANG_WARN_INT_CONVERSION = YES;
				CLANG_WARN_OBJC_ROOT_CLASS = YES_ERROR;
				CLANG_WARN_UNREACHABLE_CODE = YES;
				CLANG_WARN__DUPLICATE_METHOD_MATCH = YES;
				"CODE_SIGN_IDENTITY[sdk=iphoneos*]" = "iPhone Developer";
				COPY_PHASE_STRIP = NO;
				DEBUG_INFORMATION_FORMAT = dwarf;
				ENABLE_STRICT_OBJC_MSGSEND = YES;
				ENABLE_TESTABILITY = YES;
				GCC_C_LANGUAGE_STANDARD = gnu99;
				GCC_DYNAMIC_NO_PIC = NO;
				GCC_NO_COMMON_BLOCKS = YES;
				GCC_OPTIMIZATION_LEVEL = 0;
				GCC_PREPROCESSOR_DEFINITIONS = (
					"DEBUG=1",
					"$(inherited)",
				);
				GCC_WARN_64_TO_32_BIT_CONVERSION = YES;
				GCC_WARN_ABOUT_RETURN_TYPE = YES_ERROR;
				GCC_WARN_UNDECLARED_SELECTOR = YES;
				GCC_WARN_UNINITIALIZED_AUTOS = YES_AGGRESSIVE;
				GCC_WARN_UNUSED_FUNCTION = YES;
				GCC_WARN_UNUSED_VARIABLE = YES;
				IPHONEOS_DEPLOYMENT_TARGET = 9.2;
				MTL_ENABLE_DEBUG_INFO = YES;
				ONLY_ACTIVE_ARCH = YES;
				SDKROOT = iphoneos;
				SWIFT_OPTIMIZATION_LEVEL = "-Onone";
				TARGETED_DEVICE_FAMILY = "1,2";
			};
			name = Debug;
		};
		0939518D1C794E1200F5315B /* Release */ = {
			isa = XCBuildConfiguration;
			buildSettings = {
				ALWAYS_SEARCH_USER_PATHS = NO;
				CLANG_CXX_LANGUAGE_STANDARD = "gnu++0x";
				CLANG_CXX_LIBRARY = "libc++";
				CLANG_ENABLE_MODULES = YES;
				CLANG_ENABLE_OBJC_ARC = YES;
				CLANG_WARN_BOOL_CONVERSION = YES;
				CLANG_WARN_CONSTANT_CONVERSION = YES;
				CLANG_WARN_DIRECT_OBJC_ISA_USAGE = YES_ERROR;
				CLANG_WARN_EMPTY_BODY = YES;
				CLANG_WARN_ENUM_CONVERSION = YES;
				CLANG_WARN_INT_CONVERSION = YES;
				CLANG_WARN_OBJC_ROOT_CLASS = YES_ERROR;
				CLANG_WARN_UNREACHABLE_CODE = YES;
				CLANG_WARN__DUPLICATE_METHOD_MATCH = YES;
				"CODE_SIGN_IDENTITY[sdk=iphoneos*]" = "iPhone Developer";
				COPY_PHASE_STRIP = NO;
				DEBUG_INFORMATION_FORMAT = "dwarf-with-dsym";
				ENABLE_NS_ASSERTIONS = NO;
				ENABLE_STRICT_OBJC_MSGSEND = YES;
				GCC_C_LANGUAGE_STANDARD = gnu99;
				GCC_NO_COMMON_BLOCKS = YES;
				GCC_WARN_64_TO_32_BIT_CONVERSION = YES;
				GCC_WARN_ABOUT_RETURN_TYPE = YES_ERROR;
				GCC_WARN_UNDECLARED_SELECTOR = YES;
				GCC_WARN_UNINITIALIZED_AUTOS = YES_AGGRESSIVE;
				GCC_WARN_UNUSED_FUNCTION = YES;
				GCC_WARN_UNUSED_VARIABLE = YES;
				IPHONEOS_DEPLOYMENT_TARGET = 9.2;
				MTL_ENABLE_DEBUG_INFO = NO;
				SDKROOT = iphoneos;
				TARGETED_DEVICE_FAMILY = "1,2";
				VALIDATE_PRODUCT = YES;
			};
			name = Release;
		};
		0939518F1C794E1200F5315B /* Debug */ = {
			isa = XCBuildConfiguration;
			baseConfigurationReference = 4E250FE2C2F82D83EA2A9BE7 /* Pods-twitterApp.debug.xcconfig */;
			buildSettings = {
				ASSETCATALOG_COMPILER_APPICON_NAME = AppIcon;
				INFOPLIST_FILE = twitterApp/Info.plist;
				LD_RUNPATH_SEARCH_PATHS = "$(inherited) @executable_path/Frameworks";
				PRODUCT_BUNDLE_IDENTIFIER = GaryChen.twitterApp;
				PRODUCT_NAME = "$(TARGET_NAME)";
			};
			name = Debug;
		};
		093951901C794E1200F5315B /* Release */ = {
			isa = XCBuildConfiguration;
			baseConfigurationReference = A40A56C87E8E4E910DA9374E /* Pods-twitterApp.release.xcconfig */;
			buildSettings = {
				ASSETCATALOG_COMPILER_APPICON_NAME = AppIcon;
				INFOPLIST_FILE = twitterApp/Info.plist;
				LD_RUNPATH_SEARCH_PATHS = "$(inherited) @executable_path/Frameworks";
				PRODUCT_BUNDLE_IDENTIFIER = GaryChen.twitterApp;
				PRODUCT_NAME = "$(TARGET_NAME)";
			};
			name = Release;
		};
/* End XCBuildConfiguration section */

/* Begin XCConfigurationList section */
		093951771C794E1200F5315B /* Build configuration list for PBXProject "twitterApp" */ = {
			isa = XCConfigurationList;
			buildConfigurations = (
				0939518C1C794E1200F5315B /* Debug */,
				0939518D1C794E1200F5315B /* Release */,
			);
			defaultConfigurationIsVisible = 0;
			defaultConfigurationName = Release;
		};
		0939518E1C794E1200F5315B /* Build configuration list for PBXNativeTarget "twitterApp" */ = {
			isa = XCConfigurationList;
			buildConfigurations = (
				0939518F1C794E1200F5315B /* Debug */,
				093951901C794E1200F5315B /* Release */,
			);
			defaultConfigurationIsVisible = 0;
			defaultConfigurationName = Release;
		};
/* End XCConfigurationList section */
	};
	rootObject = 093951741C794E1200F5315B /* Project object */;
}
